NeoBundleLock VimClojure 2a17c249571395a7f45523d38cac6a9326ecf8f1
NeoBundleLock dbext.vim 14f3d530b6189dc3f97edfa70b7a36006e21148c
NeoBundleLock gundo.vim e7fe41024ace9047eee610f23311d44fd9d917c0
NeoBundleLock html5.vim 9bfa00bdb3fdca07c490b527e5e6ec6c4b017d3b
NeoBundleLock neobundle.vim 3c9acd215202fc215af0060c5b2715cdc18a910d
NeoBundleLock neocomplcache 778181767467b8f8016828898779a646074d883a
NeoBundleLock neosnippet a323d8255a3dcd21c960da9dcd5b973d5fc3ce65
NeoBundleLock nerdtree 4ebbb533c3faf2c480211db2b547972bb3b60f2b
NeoBundleLock open-browser.vim a3d9bba498c610a2bb1029fd51a3ac3b6b144147
NeoBundleLock perldoc-vim ef095a51f886f6fef50005c999c12f8de9bc4061
NeoBundleLock powerline 7ed55bb25c8d9ab3f96d63e83d11772c2fd07c9e
NeoBundleLock rails.vim 616eb6892c7fa30f1862803bf6109deb0d4e7507
NeoBundleLock ruby-matchit c4d8079287fc8d804d2a92bcb66964d673666540
NeoBundleLock syntastic de0106e839e6ee21a5dd3c42f1abb7d79d931bdd
NeoBundleLock tcomment_vim 52586e67db998a4df9160edc219bf587e3faa634
NeoBundleLock unite-rails 1509884b919f0669e07cd73eb86118dd916c3af7
NeoBundleLock unite-rake 8050686ff413450d6b70bcff75781e9814c64420
NeoBundleLock unite.vim cc60fe3e574c2b6d7959b299d99d555df4cf4af0
NeoBundleLock vim-browsereload-mac b73cc98c18c28869ed99562f6a3c142cb2906029
NeoBundleLock vim-coffee-script 32fe889b8cafd3a4921ef8e6485156453ff58c42
NeoBundleLock vim-css3-syntax 0d54d6319f82aa077d5da0b19a41fd8ef198da42
NeoBundleLock vim-endwise 0067ceda37725d01b7bd5bf249d63b1b5d4e2ab4
NeoBundleLock vim-perl 4e75c3e3766da7294061f9bef6949e89087f821f
NeoBundleLock vim-quickrun ac9f4be0698dffb30ebdf284f8ba5abbaab5eaca
NeoBundleLock vim-rails 3341728c4ec8be2b9c16f0e4d54005da771c8902
NeoBundleLock vim-ref 007b0ac409100cf2b83eb7dace5c8235e3737fef
NeoBundleLock vim-slime 7c1b6dc04c2858a59bc6e43e2a5f4afe59e4e56d
NeoBundleLock vimfiler f891db9796038f1e5c922f92b988b55b37458f4c
NeoBundleLock vimproc aa075b9b56839e1adb08421d2e9837f90e59acad
NeoBundleLock vimshell cafde1a38b93212119b9dfed26c28a240655275b
NeoBundleLock webapi-vim 5726e8270e2a774c7200ca79868b4128c0c57ad7
NeoBundleLock zencoding-vim e742a1f767ebe363a8f0ff160938016713cd07ba
